# THIS IS AN AUTOGENERATED FILE. DO NOT EDIT THIS FILE DIRECTLY.
# yarn lockfile v1


"@babel/runtime@^7.16.3":
  version "7.16.7"
  resolved "https://registry.yarnpkg.com/@babel/runtime/-/runtime-7.16.7.tgz#03ff99f64106588c9c403c6ecb8c3bafbbdff1fa"
  integrity sha512-9E9FJowqAsytyOY6LG+1KuueckRL+aQW+mKvXRXnuFGyRAyepJPmEo9vgMfXUA6O9u3IeEdv9MAkppFcaQwogQ==
  dependencies:
    regenerator-runtime "^0.13.4"

"@panva/hkdf@^1.0.1":
  version "1.0.1"
  resolved "https://registry.yarnpkg.com/@panva/hkdf/-/hkdf-1.0.1.tgz#ed0da773bd5f794d0603f5a5b5cee6d2354e5660"
  integrity sha512-mMyQ9vjpuFqePkfe5bZVIf/H3Dmk6wA8Kjxff9RcO4kqzJo+Ek9pGKwZHpeMr7Eku0QhLXMCd7fNCSnEnRMubg==

"@types/next-auth@^3.15.0":
  version "3.15.0"
  resolved "https://registry.yarnpkg.com/@types/next-auth/-/next-auth-3.15.0.tgz#b602f4689b35fff3d2af09500c79ab11c4745bca"
  integrity sha512-ZVfejlu81YiIRX1m0iKAfvZ3nK7K9EyZWhNARNKsFop8kNAgEvMnlKpTpwN59xkK2OhyWLagPuiDAVBYSO9jSA==
  dependencies:
    next-auth "*"

cookie@^0.4.1:
  version "0.4.1"
  resolved "https://registry.yarnpkg.com/cookie/-/cookie-0.4.1.tgz#afd713fe26ebd21ba95ceb61f9a8116e50a537d1"
  integrity sha512-ZwrFkGJxUR3EIoXtO+yVE69Eb7KlixbaeAWfBQB9vVsNn/o+Yw69gBWSSDK825hQNdN+wF8zELf3dFNl/kxkUA==

jose@^4.1.4, jose@^4.3.7:
  version "4.4.0"
  resolved "https://registry.yarnpkg.com/jose/-/jose-4.4.0.tgz#459954544088244836a361172eb32a704bc55c5f"
  integrity sha512-3CsqCQWuEUPpNlSLRcLRC8eO/ATFe1tLJMZCtjx2+ma1gkjGQ62HF50oWs3cwtWjLCpM8bdMPpQbxpgc3fhxrQ==

lru-cache@^6.0.0:
  version "6.0.0"
  resolved "https://registry.yarnpkg.com/lru-cache/-/lru-cache-6.0.0.tgz#6d6fe6570ebd96aaf90fcad1dafa3b2566db3a94"
  integrity sha512-Jo6dJ04CmSjuznwJSS3pUeWmd/H0ffTlkXXgwZi+eq1UCmqQwCh+eLsYOYCwY991i2Fah4h1BEMCx4qThGbsiA==
  dependencies:
    yallist "^4.0.0"

next-auth@*, next-auth@^4.1.2:
  version "4.1.2"
  resolved "https://registry.yarnpkg.com/next-auth/-/next-auth-4.1.2.tgz#9ae50e2b6ccbbbac02b7f627a6568fd29b56ac66"
  integrity sha512-r5Km0eIDgGad+yhegk6OpulAnf7pyxsIpLec3xYB3PIb7F3bUTsvgWm/n/wAvlT0aAF1xKQWOgqhwPjrjte89g==
  dependencies:
    "@babel/runtime" "^7.16.3"
    "@panva/hkdf" "^1.0.1"
    cookie "^0.4.1"
    jose "^4.3.7"
    oauth "^0.9.15"
    openid-client "^5.1.0"
    preact "^10.6.3"
    preact-render-to-string "^5.1.19"
    uuid "^8.3.2"

oauth@^0.9.15:
  version "0.9.15"
  resolved "https://registry.yarnpkg.com/oauth/-/oauth-0.9.15.tgz#bd1fefaf686c96b75475aed5196412ff60cfb9c1"
  integrity sha1-vR/vr2hslrdUda7VGWQS/2DPucE=

object-hash@^2.0.1:
  version "2.2.0"
  resolved "https://registry.yarnpkg.com/object-hash/-/object-hash-2.2.0.tgz#5ad518581eefc443bd763472b8ff2e9c2c0d54a5"
  integrity sha512-gScRMn0bS5fH+IuwyIFgnh9zBdo4DV+6GhygmWM9HyNJSgS0hScp1f5vjtm7oIIOiT9trXrShAkLFSc2IqKNgw==

oidc-token-hash@^5.0.1:
  version "5.0.1"
  resolved "https://registry.yarnpkg.com/oidc-token-hash/-/oidc-token-hash-5.0.1.tgz#ae6beec3ec20f0fd885e5400d175191d6e2f10c6"
  integrity sha512-EvoOtz6FIEBzE+9q253HsLCVRiK/0doEJ2HCvvqMQb3dHZrP3WlJKYtJ55CRTw4jmYomzH4wkPuCj/I3ZvpKxQ==

openid-client@^5.1.0:
  version "5.1.2"
  resolved "https://registry.yarnpkg.com/openid-client/-/openid-client-5.1.2.tgz#a80cc6a7d8d7159ad97c51781338f5a954396bba"
  integrity sha512-AV5wCy011lrZZvzQa4HGhItTb64+D8V50vEtS/HhaFjiM8jDItUyDu4C73nMr6zrlEvgprFdbyGGwkGiQ4ggJg==
  dependencies:
    jose "^4.1.4"
    lru-cache "^6.0.0"
    object-hash "^2.0.1"
    oidc-token-hash "^5.0.1"

preact-render-to-string@^5.1.19:
  version "5.1.19"
  resolved "https://registry.yarnpkg.com/preact-render-to-string/-/preact-render-to-string-5.1.19.tgz#ffae7c3bd1680be5ecf5991d41fe3023b3051e0e"
  integrity sha512-bj8sn/oytIKO6RtOGSS/1+5CrQyRSC99eLUnEVbqUa6MzJX5dYh7wu9bmT0d6lm/Vea21k9KhCQwvr2sYN3rrQ==
  dependencies:
    pretty-format "^3.8.0"

preact@^10.6.3:
  version "10.6.4"
  resolved "https://registry.yarnpkg.com/preact/-/preact-10.6.4.tgz#ad12c409ff1b4316158486e0a7b8d43636f7ced8"
  integrity sha512-WyosM7pxGcndU8hY0OQlLd54tOU+qmG45QXj2dAYrL11HoyU/EzOSTlpJsirbBr1QW7lICxSsVJJmcmUglovHQ==

pretty-format@^3.8.0:
  version "3.8.0"
  resolved "https://registry.yarnpkg.com/pretty-format/-/pretty-format-3.8.0.tgz#bfbed56d5e9a776645f4b1ff7aa1a3ac4fa3c385"
  integrity sha1-v77VbV6ad2ZF9LH/eqGjrE+jw4U=

regenerator-runtime@^0.13.4:
  version "0.13.9"
  resolved "https://registry.yarnpkg.com/regenerator-runtime/-/regenerator-runtime-0.13.9.tgz#8925742a98ffd90814988d7566ad30ca3b263b52"
  integrity sha512-p3VT+cOEgxFsRRA9X4lkI1E+k2/CtnKtU4gcxyaCUreilL/vqI6CdZ3wxVUx3UOUg+gnUOQQcRI7BmSI656MYA==

uuid@^8.3.2:
  version "8.3.2"
  resolved "https://registry.yarnpkg.com/uuid/-/uuid-8.3.2.tgz#80d5b5ced271bb9af6c445f21a1a04c606cefbe2"
  integrity sha512-+NYs2QeMWy+GWFOEm9xnn6HCDp0l7QBD7ml8zLUmJ+93Q5NF0NocErnwkTkXVFNiX3/fpC6afS8Dhb/gz7R7eg==

yallist@^4.0.0:
  version "4.0.0"
  resolved "https://registry.yarnpkg.com/yallist/-/yallist-4.0.0.tgz#9bb92790d9c0effec63be73519e11a35019a3a72"
  integrity sha512-3wdGidZyq5PB084XLES5TpOSRA3wjXAlIWMhum2kRcv/41Sn2emQ0dycQW4uZXLejwKvg6EsvbdlVL+FYEct7A==
